
Microsoft Visual Studio Solution File, Format Version 12.00
# Visual Studio Version 16
VisualStudioVersion = 16.0.33927.289
MinimumVisualStudioVersion = 10.0.40219.1
Project("{FAE04EC0-301F-11D3-BF4B-00C04F79EFBC}") = "WebDev-Oef2-Domain", "WebDev-Oef2-Domain\WebDev-Oef2-Domain.csproj", "{FEE544C4-0322-427E-8B2D-FE6C360C822A}"
EndProject
Project("{FAE04EC0-301F-11D3-BF4B-00C04F79EFBC}") = "WebDev-Oef2-WebApp", "WebDev-Oef2-WebApp\WebDev-Oef2-WebApp.csproj", "{45ED7471-29FA-4BB9-BAC6-442C1C0B5ADC}"
EndProject
Global
	GlobalSection(SolutionConfigurationPlatforms) = preSolution
		Debug|Any CPU = Debug|Any CPU
		Release|Any CPU = Release|Any CPU
	EndGlobalSection
	GlobalSection(ProjectConfigurationPlatforms) = postSolution
		{FEE544C4-0322-427E-8B2D-FE6C360C822A}.Debug|Any CPU.ActiveCfg = Debug|Any CPU
		{FEE544C4-0322-427E-8B2D-FE6C360C822A}.Debug|Any CPU.Build.0 = Debug|Any CPU
		{FEE544C4-0322-427E-8B2D-FE6C360C822A}.Release|Any CPU.ActiveCfg = Release|Any CPU
		{FEE544C4-0322-427E-8B2D-FE6C360C822A}.Release|Any CPU.Build.0 = Release|Any CPU
		{45ED7471-29FA-4BB9-BAC6-442C1C0B5ADC}.Debug|Any CPU.ActiveCfg = Debug|Any CPU
		{45ED7471-29FA-4BB9-BAC6-442C1C0B5ADC}.Debug|Any CPU.Build.0 = Debug|Any CPU
		{45ED7471-29FA-4BB9-BAC6-442C1C0B5ADC}.Release|Any CPU.ActiveCfg = Release|Any CPU
		{45ED7471-29FA-4BB9-BAC6-442C1C0B5ADC}.Release|Any CPU.Build.0 = Release|Any CPU
	EndGlobalSection
	GlobalSection(SolutionProperties) = preSolution
		HideSolutionNode = FALSE
	EndGlobalSection
	GlobalSection(ExtensibilityGlobals) = postSolution
		SolutionGuid = {7A027E9A-701A-4823-8132-B13654014BB1}
	EndGlobalSection
EndGlobal
